// !$*UTF8*$!
{
	archiveVersion = 1;
	classes = {
	};
	objectVersion = 46;
	objects = {

/* Begin PBXBuildFile section */
		28ED6D931FBB60A1009F880A /* AppDelegate.swift in Sources */ = {isa = PBXBuildFile; fileRef = 28ED6D921FBB60A1009F880A /* AppDelegate.swift */; };
		28ED6D951FBB60A1009F880A /* ViewController.swift in Sources */ = {isa = PBXBuildFile; fileRef = 28ED6D941FBB60A1009F880A /* ViewController.swift */; };
		28ED6D9A1FBB60A1009F880A /* Assets.xcassets in Resources */ = {isa = PBXBuildFile; fileRef = 28ED6D991FBB60A1009F880A /* Assets.xcassets */; };
		28ED6DA81FBB60A2009F880A /* MinhaVacinasTests.swift in Sources */ = {isa = PBXBuildFile; fileRef = 28ED6DA71FBB60A2009F880A /* MinhaVacinasTests.swift */; };
		28ED6DB31FBB60A2009F880A /* MinhaVacinasUITests.swift in Sources */ = {isa = PBXBuildFile; fileRef = 28ED6DB21FBB60A2009F880A /* MinhaVacinasUITests.swift */; };
		3E838EA41FBB722A00D3AC78 /* Agenda.storyboard in Resources */ = {isa = PBXBuildFile; fileRef = 3E838EA21FBB722A00D3AC78 /* Agenda.storyboard */; };
		3E838EAC1FBB72DB00D3AC78 /* Informacoes.storyboard in Resources */ = {isa = PBXBuildFile; fileRef = 3E838EAB1FBB72DB00D3AC78 /* Informacoes.storyboard */; };
		3E838EB21FBB731500D3AC78 /* Main.storyboard in Resources */ = {isa = PBXBuildFile; fileRef = 3E838EB01FBB731500D3AC78 /* Main.storyboard */; };
		3E838EBB1FBB73E400D3AC78 /* Locais.storyboard in Resources */ = {isa = PBXBuildFile; fileRef = 3E838EB91FBB73E300D3AC78 /* Locais.storyboard */; };
		3E838EC11FBB740900D3AC78 /* Sobre.storyboard in Resources */ = {isa = PBXBuildFile; fileRef = 3E838EBF1FBB740900D3AC78 /* Sobre.storyboard */; };
		3EC0F1BB1FBB6BE0004F1CDE /* LaunchScreen.storyboard in Resources */ = {isa = PBXBuildFile; fileRef = 3EC0F1B81FBB6BE0004F1CDE /* LaunchScreen.storyboard */; };
/* End PBXBuildFile section */

/* Begin PBXContainerItemProxy section */
		28ED6DA41FBB60A2009F880A /* PBXContainerItemProxy */ = {
			isa = PBXContainerItemProxy;
			containerPortal = 28ED6D871FBB60A1009F880A /* Project object */;
			proxyType = 1;
			remoteGlobalIDString = 28ED6D8E1FBB60A1009F880A;
			remoteInfo = MinhaVacinas;
		};
		28ED6DAF1FBB60A2009F880A /* PBXContainerItemProxy */ = {
			isa = PBXContainerItemProxy;
			containerPortal = 28ED6D871FBB60A1009F880A /* Project object */;
			proxyType = 1;
			remoteGlobalIDString = 28ED6D8E1FBB60A1009F880A;
			remoteInfo = MinhaVacinas;
		};
/* End PBXContainerItemProxy section */

/* Begin PBXFileReference section */
		28ED6D8F1FBB60A1009F880A /* MinhaVacinas.app */ = {isa = PBXFileReference; explicitFileType = wrapper.application; includeInIndex = 0; path = MinhaVacinas.app; sourceTree = BUILT_PRODUCTS_DIR; };
		28ED6D921FBB60A1009F880A /* AppDelegate.swift */ = {isa = PBXFileReference; lastKnownFileType = sourcecode.swift; path = AppDelegate.swift; sourceTree = "<group>"; };
		28ED6D941FBB60A1009F880A /* ViewController.swift */ = {isa = PBXFileReference; lastKnownFileType = sourcecode.swift; path = ViewController.swift; sourceTree = "<group>"; };
		28ED6D991FBB60A1009F880A /* Assets.xcassets */ = {isa = PBXFileReference; lastKnownFileType = folder.assetcatalog; path = Assets.xcassets; sourceTree = "<group>"; };
		28ED6D9E1FBB60A1009F880A /* Info.plist */ = {isa = PBXFileReference; lastKnownFileType = text.plist.xml; path = Info.plist; sourceTree = "<group>"; };
		28ED6DA31FBB60A2009F880A /* MinhaVacinasTests.xctest */ = {isa = PBXFileReference; explicitFileType = wrapper.cfbundle; includeInIndex = 0; path = MinhaVacinasTests.xctest; sourceTree = BUILT_PRODUCTS_DIR; };
		28ED6DA71FBB60A2009F880A /* MinhaVacinasTests.swift */ = {isa = PBXFileReference; lastKnownFileType = sourcecode.swift; path = MinhaVacinasTests.swift; sourceTree = "<group>"; };
		28ED6DA91FBB60A2009F880A /* Info.plist */ = {isa = PBXFileReference; lastKnownFileType = text.plist.xml; path = Info.plist; sourceTree = "<group>"; };
		28ED6DAE1FBB60A2009F880A /* MinhaVacinasUITests.xctest */ = {isa = PBXFileReference; explicitFileType = wrapper.cfbundle; includeInIndex = 0; path = MinhaVacinasUITests.xctest; sourceTree = BUILT_PRODUCTS_DIR; };
		28ED6DB21FBB60A2009F880A /* MinhaVacinasUITests.swift */ = {isa = PBXFileReference; lastKnownFileType = sourcecode.swift; path = MinhaVacinasUITests.swift; sourceTree = "<group>"; };
		28ED6DB41FBB60A2009F880A /* Info.plist */ = {isa = PBXFileReference; lastKnownFileType = text.plist.xml; path = Info.plist; sourceTree = "<group>"; };
		3E838EA31FBB722A00D3AC78 /* Base */ = {isa = PBXFileReference; lastKnownFileType = file.storyboard; name = Base; path = MinhaVacinas/Base.lproj/Agenda.storyboard; sourceTree = SOURCE_ROOT; };
		3E838EAB1FBB72DB00D3AC78 /* Informacoes.storyboard */ = {isa = PBXFileReference; fileEncoding = 4; lastKnownFileType = file.storyboard; path = Informacoes.storyboard; sourceTree = SOURCE_ROOT; };
		3E838EB11FBB731500D3AC78 /* Base */ = {isa = PBXFileReference; lastKnownFileType = file.storyboard; name = Base; path = MinhaVacinas/Base.lproj/Main.storyboard; sourceTree = SOURCE_ROOT; };
		3E838EBA1FBB73E300D3AC78 /* Base */ = {isa = PBXFileReference; lastKnownFileType = file.storyboard; name = Base; path = MinhaVacinas/Base.lproj/Locais.storyboard; sourceTree = SOURCE_ROOT; };
		3E838EC01FBB740900D3AC78 /* Base */ = {isa = PBXFileReference; lastKnownFileType = file.storyboard; name = Base; path = MinhaVacinas/Base.lproj/Sobre.storyboard; sourceTree = SOURCE_ROOT; };
		3EC0F1B91FBB6BE0004F1CDE /* Base */ = {isa = PBXFileReference; lastKnownFileType = file.storyboard; name = Base; path = MinhaVacinas/Base.lproj/LaunchScreen.storyboard; sourceTree = SOURCE_ROOT; };
/* End PBXFileReference section */

/* Begin PBXFrameworksBuildPhase section */
		28ED6D8C1FBB60A1009F880A /* Frameworks */ = {
			isa = PBXFrameworksBuildPhase;
			buildActionMask = 2147483647;
			files = (
			);
			runOnlyForDeploymentPostprocessing = 0;
		};
		28ED6DA01FBB60A2009F880A /* Frameworks */ = {
			isa = PBXFrameworksBuildPhase;
			buildActionMask = 2147483647;
			files = (
			);
			runOnlyForDeploymentPostprocessing = 0;
		};
		28ED6DAB1FBB60A2009F880A /* Frameworks */ = {
			isa = PBXFrameworksBuildPhase;
			buildActionMask = 2147483647;
			files = (
			);
			runOnlyForDeploymentPostprocessing = 0;
		};
/* End PBXFrameworksBuildPhase section */

/* Begin PBXGroup section */
		28ED6D861FBB60A1009F880A = {
			isa = PBXGroup;
			children = (
				28ED6D911FBB60A1009F880A /* MinhaVacinas */,
				28ED6DA61FBB60A2009F880A /* MinhaVacinasTests */,
				28ED6DB11FBB60A2009F880A /* MinhaVacinasUITests */,
				28ED6D901FBB60A1009F880A /* Products */,
			);
			sourceTree = "<group>";
		};
		28ED6D901FBB60A1009F880A /* Products */ = {
			isa = PBXGroup;
			children = (
				28ED6D8F1FBB60A1009F880A /* MinhaVacinas.app */,
				28ED6DA31FBB60A2009F880A /* MinhaVacinasTests.xctest */,
				28ED6DAE1FBB60A2009F880A /* MinhaVacinasUITests.xctest */,
			);
			name = Products;
			sourceTree = "<group>";
		};
		28ED6D911FBB60A1009F880A /* MinhaVacinas */ = {
			isa = PBXGroup;
			children = (
				3EC0F1B51FBB6B8F004F1CDE /* Views */,
				28ED6D921FBB60A1009F880A /* AppDelegate.swift */,
				28ED6D941FBB60A1009F880A /* ViewController.swift */,
				28ED6D991FBB60A1009F880A /* Assets.xcassets */,
				28ED6D9E1FBB60A1009F880A /* Info.plist */,
			);
			path = MinhaVacinas;
			sourceTree = "<group>";
		};
		28ED6DA61FBB60A2009F880A /* MinhaVacinasTests */ = {
			isa = PBXGroup;
			children = (
				28ED6DA71FBB60A2009F880A /* MinhaVacinasTests.swift */,
				28ED6DA91FBB60A2009F880A /* Info.plist */,
			);
			path = MinhaVacinasTests;
			sourceTree = "<group>";
		};
		28ED6DB11FBB60A2009F880A /* MinhaVacinasUITests */ = {
			isa = PBXGroup;
			children = (
				28ED6DB21FBB60A2009F880A /* MinhaVacinasUITests.swift */,
				28ED6DB41FBB60A2009F880A /* Info.plist */,
			);
			path = MinhaVacinasUITests;
			sourceTree = "<group>";
		};
		3EC0F1B51FBB6B8F004F1CDE /* Views */ = {
			isa = PBXGroup;
			children = (
				3E838EBF1FBB740900D3AC78 /* Sobre.storyboard */,
				3E838EB91FBB73E300D3AC78 /* Locais.storyboard */,
				3E838EB01FBB731500D3AC78 /* Main.storyboard */,
				3E838EAB1FBB72DB00D3AC78 /* Informacoes.storyboard */,
				3E838EA21FBB722A00D3AC78 /* Agenda.storyboard */,
				3EC0F1B81FBB6BE0004F1CDE /* LaunchScreen.storyboard */,
			);
			path = Views;
			sourceTree = "<group>";
		};
/* End PBXGroup section */

/* Begin PBXNativeTarget section */
		28ED6D8E1FBB60A1009F880A /* MinhaVacinas */ = {
			isa = PBXNativeTarget;
			buildConfigurationList = 28ED6DB71FBB60A2009F880A /* Build configuration list for PBXNativeTarget "MinhaVacinas" */;
			buildPhases = (
				28ED6D8B1FBB60A1009F880A /* Sources */,
				28ED6D8C1FBB60A1009F880A /* Frameworks */,
				28ED6D8D1FBB60A1009F880A /* Resources */,
			);
			buildRules = (
			);
			dependencies = (
			);
			name = MinhaVacinas;
			productName = MinhaVacinas;
			productReference = 28ED6D8F1FBB60A1009F880A /* MinhaVacinas.app */;
			productType = "com.apple.product-type.application";
		};
		28ED6DA21FBB60A2009F880A /* MinhaVacinasTests */ = {
			isa = PBXNativeTarget;
			buildConfigurationList = 28ED6DBA1FBB60A2009F880A /* Build configuration list for PBXNativeTarget "MinhaVacinasTests" */;
			buildPhases = (
				28ED6D9F1FBB60A2009F880A /* Sources */,
				28ED6DA01FBB60A2009F880A /* Frameworks */,
				28ED6DA11FBB60A2009F880A /* Resources */,
			);
			buildRules = (
			);
			dependencies = (
				28ED6DA51FBB60A2009F880A /* PBXTargetDependency */,
			);
			name = MinhaVacinasTests;
			productName = MinhaVacinasTests;
			productReference = 28ED6DA31FBB60A2009F880A /* MinhaVacinasTests.xctest */;
			productType = "com.apple.product-type.bundle.unit-test";
		};
		28ED6DAD1FBB60A2009F880A /* MinhaVacinasUITests */ = {
			isa = PBXNativeTarget;
			buildConfigurationList = 28ED6DBD1FBB60A2009F880A /* Build configuration list for PBXNativeTarget "MinhaVacinasUITests" */;
			buildPhases = (
				28ED6DAA1FBB60A2009F880A /* Sources */,
				28ED6DAB1FBB60A2009F880A /* Frameworks */,
				28ED6DAC1FBB60A2009F880A /* Resources */,
			);
			buildRules = (
			);
			dependencies = (
				28ED6DB01FBB60A2009F880A /* PBXTargetDependency */,
			);
			name = MinhaVacinasUITests;
			productName = MinhaVacinasUITests;
			productReference = 28ED6DAE1FBB60A2009F880A /* MinhaVacinasUITests.xctest */;
			productType = "com.apple.product-type.bundle.ui-testing";
		};
/* End PBXNativeTarget section */

/* Begin PBXProject section */
		28ED6D871FBB60A1009F880A /* Project object */ = {
			isa = PBXProject;
			attributes = {
				LastSwiftUpdateCheck = 0830;
				LastUpgradeCheck = 0830;
				ORGANIZATIONNAME = "Alyson Brito Girão";
				TargetAttributes = {
					28ED6D8E1FBB60A1009F880A = {
						CreatedOnToolsVersion = 8.3.3;
						ProvisioningStyle = Automatic;
					};
					28ED6DA21FBB60A2009F880A = {
						CreatedOnToolsVersion = 8.3.3;
						ProvisioningStyle = Automatic;
						TestTargetID = 28ED6D8E1FBB60A1009F880A;
					};
					28ED6DAD1FBB60A2009F880A = {
						CreatedOnToolsVersion = 8.3.3;
						ProvisioningStyle = Automatic;
						TestTargetID = 28ED6D8E1FBB60A1009F880A;
					};
				};
			};
			buildConfigurationList = 28ED6D8A1FBB60A1009F880A /* Build configuration list for PBXProject "MinhaVacinas" */;
			compatibilityVersion = "Xcode 3.2";
			developmentRegion = English;
			hasScannedForEncodings = 0;
			knownRegions = (
				en,
				Base,
			);
			mainGroup = 28ED6D861FBB60A1009F880A;
			productRefGroup = 28ED6D901FBB60A1009F880A /* Products */;
			projectDirPath = "";
			projectRoot = "";
			targets = (
				28ED6D8E1FBB60A1009F880A /* MinhaVacinas */,
				28ED6DA21FBB60A2009F880A /* MinhaVacinasTests */,
				28ED6DAD1FBB60A2009F880A /* MinhaVacinasUITests */,
			);
		};
/* End PBXProject section */

/* Begin PBXResourcesBuildPhase section */
		28ED6D8D1FBB60A1009F880A /* Resources */ = {
			isa = PBXResourcesBuildPhase;
			buildActionMask = 2147483647;
			files = (
				3E838EA41FBB722A00D3AC78 /* Agenda.storyboard in Resources */,
				3E838EC11FBB740900D3AC78 /* Sobre.storyboard in Resources */,
				3EC0F1BB1FBB6BE0004F1CDE /* LaunchScreen.storyboard in Resources */,
				3E838EAC1FBB72DB00D3AC78 /* Informacoes.storyboard in Resources */,
				3E838EBB1FBB73E400D3AC78 /* Locais.storyboard in Resources */,
				3E838EB21FBB731500D3AC78 /* Main.storyboard in Resources */,
				28ED6D9A1FBB60A1009F880A /* Assets.xcassets in Resources */,
			);
			runOnlyForDeploymentPostprocessing = 0;
		};
		28ED6DA11FBB60A2009F880A /* Resources */ = {
			isa = PBXResourcesBuildPhase;
			buildActionMask = 2147483647;
			files = (
			);
			runOnlyForDeploymentPostprocessing = 0;
		};
		28ED6DAC1FBB60A2009F880A /* Resources */ = {
			isa = PBXResourcesBuildPhase;
			buildActionMask = 2147483647;
			files = (
			);
			runOnlyForDeploymentPostprocessing = 0;
		};
/* End PBXResourcesBuildPhase section */

/* Begin PBXSourcesBuildPhase section */
		28ED6D8B1FBB60A1009F880A /* Sources */ = {
			isa = PBXSourcesBuildPhase;
			buildActionMask = 2147483647;
			files = (
				28ED6D951FBB60A1009F880A /* ViewController.swift in Sources */,
				28ED6D931FBB60A1009F880A /* AppDelegate.swift in Sources */,
			);
			runOnlyForDeploymentPostprocessing = 0;
		};
		28ED6D9F1FBB60A2009F880A /* Sources */ = {
			isa = PBXSourcesBuildPhase;
			buildActionMask = 2147483647;
			files = (
				28ED6DA81FBB60A2009F880A /* MinhaVacinasTests.swift in Sources */,
			);
			runOnlyForDeploymentPostprocessing = 0;
		};
		28ED6DAA1FBB60A2009F880A /* Sources */ = {
			isa = PBXSourcesBuildPhase;
			buildActionMask = 2147483647;
			files = (
				28ED6DB31FBB60A2009F880A /* MinhaVacinasUITests.swift in Sources */,
			);
			runOnlyForDeploymentPostprocessing = 0;
		};
/* End PBXSourcesBuildPhase section */

/* Begin PBXTargetDependency section */
		28ED6DA51FBB60A2009F880A /* PBXTargetDependency */ = {
			isa = PBXTargetDependency;
			target = 28ED6D8E1FBB60A1009F880A /* MinhaVacinas */;
			targetProxy = 28ED6DA41FBB60A2009F880A /* PBXContainerItemProxy */;
		};
		28ED6DB01FBB60A2009F880A /* PBXTargetDependency */ = {
			isa = PBXTargetDependency;
			target = 28ED6D8E1FBB60A1009F880A /* MinhaVacinas */;
			targetProxy = 28ED6DAF1FBB60A2009F880A /* PBXContainerItemProxy */;
		};
/* End PBXTargetDependency section */

/* Begin PBXVariantGroup section */
		3E838EA21FBB722A00D3AC78 /* Agenda.storyboard */ = {
			isa = PBXVariantGroup;
			children = (
				3E838EA31FBB722A00D3AC78 /* Base */,
			);
			name = Agenda.storyboard;
			sourceTree = "<group>";
		};
		3E838EB01FBB731500D3AC78 /* Main.storyboard */ = {
			isa = PBXVariantGroup;
			children = (
				3E838EB11FBB731500D3AC78 /* Base */,
			);
			name = Main.storyboard;
			sourceTree = "<group>";
		};
		3E838EB91FBB73E300D3AC78 /* Locais.storyboard */ = {
			isa = PBXVariantGroup;
			children = (
				3E838EBA1FBB73E300D3AC78 /* Base */,
			);
			name = Locais.storyboard;
			sourceTree = "<group>";
		};
		3E838EBF1FBB740900D3AC78 /* Sobre.storyboard */ = {
			isa = PBXVariantGroup;
			children = (
				3E838EC01FBB740900D3AC78 /* Base */,
			);
			name = Sobre.storyboard;
			sourceTree = "<group>";
		};
		3EC0F1B81FBB6BE0004F1CDE /* LaunchScreen.storyboard */ = {
			isa = PBXVariantGroup;
			children = (
				3EC0F1B91FBB6BE0004F1CDE /* Base */,
			);
			name = LaunchScreen.storyboard;
			sourceTree = "<group>";
		};
/* End PBXVariantGroup section */

/* Begin XCBuildConfiguration section */
		28ED6DB51FBB60A2009F880A /* Debug */ = {
			isa = XCBuildConfiguration;
			buildSettings = {
				ALWAYS_SEARCH_USER_PATHS = NO;
				CLANG_ANALYZER_NONNULL = YES;
				CLANG_ANALYZER_NUMBER_OBJECT_CONVERSION = YES_AGGRESSIVE;
				CLANG_CXX_LANGUAGE_STANDARD = "gnu++0x";
				CLANG_CXX_LIBRARY = "libc++";
				CLANG_ENABLE_MODULES = YES;
				CLANG_ENABLE_OBJC_ARC = YES;
				CLANG_WARN_BOOL_CONVERSION = YES;
				CLANG_WARN_CONSTANT_CONVERSION = YES;
				CLANG_WARN_DIRECT_OBJC_ISA_USAGE = YES_ERROR;
				CLANG_WARN_DOCUMENTATION_COMMENTS = YES;
				CLANG_WARN_EMPTY_BODY = YES;
				CLANG_WARN_ENUM_CONVERSION = YES;
				CLANG_WARN_INFINITE_RECURSION = YES;
				CLANG_WARN_INT_CONVERSION = YES;
				CLANG_WARN_OBJC_ROOT_CLASS = YES_ERROR;
				CLANG_WARN_SUSPICIOUS_MOVE = YES;
				CLANG_WARN_UNREACHABLE_CODE = YES;
				CLANG_WARN__DUPLICATE_METHOD_MATCH = YES;
				"CODE_SIGN_IDENTITY[sdk=iphoneos*]" = "iPhone Developer";
				COPY_PHASE_STRIP = NO;
				DEBUG_INFORMATION_FORMAT = dwarf;
				ENABLE_STRICT_OBJC_MSGSEND = YES;
				ENABLE_TESTABILITY = YES;
				GCC_C_LANGUAGE_STANDARD = gnu99;
				GCC_DYNAMIC_NO_PIC = NO;
				GCC_NO_COMMON_BLOCKS = YES;
				GCC_OPTIMIZATION_LEVEL = 0;
				GCC_PREPROCESSOR_DEFINITIONS = (
					"DEBUG=1",
					"$(inherited)",
				);
				GCC_WARN_64_TO_32_BIT_CONVERSION = YES;
				GCC_WARN_ABOUT_RETURN_TYPE = YES_ERROR;
				GCC_WARN_UNDECLARED_SELECTOR = YES;
				GCC_WARN_UNINITIALIZED_AUTOS = YES_AGGRESSIVE;
				GCC_WARN_UNUSED_FUNCTION = YES;
				GCC_WARN_UNUSED_VARIABLE = YES;
				IPHONEOS_DEPLOYMENT_TARGET = 10.3;
				MTL_ENABLE_DEBUG_INFO = YES;
				ONLY_ACTIVE_ARCH = YES;
				SDKROOT = iphoneos;
				SWIFT_ACTIVE_COMPILATION_CONDITIONS = DEBUG;
				SWIFT_OPTIMIZATION_LEVEL = "-Onone";
			};
			name = Debug;
		};
		28ED6DB61FBB60A2009F880A /* Release */ = {
			isa = XCBuildConfiguration;
			buildSettings = {
				ALWAYS_SEARCH_USER_PATHS = NO;
				CLANG_ANALYZER_NONNULL = YES;
				CLANG_ANALYZER_NUMBER_OBJECT_CONVERSION = YES_AGGRESSIVE;
				CLANG_CXX_LANGUAGE_STANDARD = "gnu++0x";
				CLANG_CXX_LIBRARY = "libc++";
				CLANG_ENABLE_MODULES = YES;
				CLANG_ENABLE_OBJC_ARC = YES;
				CLANG_WARN_BOOL_CONVERSION = YES;
				CLANG_WARN_CONSTANT_CONVERSION = YES;
				CLANG_WARN_DIRECT_OBJC_ISA_USAGE = YES_ERROR;
				CLANG_WARN_DOCUMENTATION_COMMENTS = YES;
				CLANG_WARN_EMPTY_BODY = YES;
				CLANG_WARN_ENUM_CONVERSION = YES;
				CLANG_WARN_INFINITE_RECURSION = YES;
				CLANG_WARN_INT_CONVERSION = YES;
				CLANG_WARN_OBJC_ROOT_CLASS = YES_ERROR;
				CLANG_WARN_SUSPICIOUS_MOVE = YES;
				CLANG_WARN_UNREACHABLE_CODE = YES;
				CLANG_WARN__DUPLICATE_METHOD_MATCH = YES;
				"CODE_SIGN_IDENTITY[sdk=iphoneos*]" = "iPhone Developer";
				COPY_PHASE_STRIP = NO;
				DEBUG_INFORMATION_FORMAT = "dwarf-with-dsym";
				ENABLE_NS_ASSERTIONS = NO;
				ENABLE_STRICT_OBJC_MSGSEND = YES;
				GCC_C_LANGUAGE_STANDARD = gnu99;
				GCC_NO_COMMON_BLOCKS = YES;
				GCC_WARN_64_TO_32_BIT_CONVERSION = YES;
				GCC_WARN_ABOUT_RETURN_TYPE = YES_ERROR;
				GCC_WARN_UNDECLARED_SELECTOR = YES;
				GCC_WARN_UNINITIALIZED_AUTOS = YES_AGGRESSIVE;
				GCC_WARN_UNUSED_FUNCTION = YES;
				GCC_WARN_UNUSED_VARIABLE = YES;
				IPHONEOS_DEPLOYMENT_TARGET = 10.3;
				MTL_ENABLE_DEBUG_INFO = NO;
				SDKROOT = iphoneos;
				SWIFT_OPTIMIZATION_LEVEL = "-Owholemodule";
				VALIDATE_PRODUCT = YES;
			};
			name = Release;
		};
		28ED6DB81FBB60A2009F880A /* Debug */ = {
			isa = XCBuildConfiguration;
			buildSettings = {
				ASSETCATALOG_COMPILER_APPICON_NAME = AppIcon;
				INFOPLIST_FILE = MinhaVacinas/Info.plist;
				LD_RUNPATH_SEARCH_PATHS = "$(inherited) @executable_path/Frameworks";
				PRODUCT_BUNDLE_IDENTIFIER = alysongirao.MinhaVacinas;
				PRODUCT_NAME = "$(TARGET_NAME)";
				SWIFT_VERSION = 3.0;
			};
			name = Debug;
		};
		28ED6DB91FBB60A2009F880A /* Release */ = {
			isa = XCBuildConfiguration;
			buildSettings = {
				ASSETCATALOG_COMPILER_APPICON_NAME = AppIcon;
				INFOPLIST_FILE = MinhaVacinas/Info.plist;
				LD_RUNPATH_SEARCH_PATHS = "$(inherited) @executable_path/Frameworks";
				PRODUCT_BUNDLE_IDENTIFIER = alysongirao.MinhaVacinas;
				PRODUCT_NAME = "$(TARGET_NAME)";
				SWIFT_VERSION = 3.0;
			};
			name = Release;
		};
		28ED6DBB1FBB60A2009F880A /* Debug */ = {
			isa = XCBuildConfiguration;
			buildSettings = {
				ALWAYS_EMBED_SWIFT_STANDARD_LIBRARIES = YES;
				BUNDLE_LOADER = "$(TEST_HOST)";
				INFOPLIST_FILE = MinhaVacinasTests/Info.plist;
				LD_RUNPATH_SEARCH_PATHS = "$(inherited) @executable_path/Frameworks @loader_path/Frameworks";
				PRODUCT_BUNDLE_IDENTIFIER = alysongirao.MinhaVacinasTests;
				PRODUCT_NAME = "$(TARGET_NAME)";
				SWIFT_VERSION = 3.0;
				TEST_HOST = "$(BUILT_PRODUCTS_DIR)/MinhaVacinas.app/MinhaVacinas";
			};
			name = Debug;
		};
		28ED6DBC1FBB60A2009F880A /* Release */ = {
			isa = XCBuildConfiguration;
			buildSettings = {
				ALWAYS_EMBED_SWIFT_STANDARD_LIBRARIES = YES;
				BUNDLE_LOADER = "$(TEST_HOST)";
				INFOPLIST_FILE = MinhaVacinasTests/Info.plist;
				LD_RUNPATH_SEARCH_PATHS = "$(inherited) @executable_path/Frameworks @loader_path/Frameworks";
				PRODUCT_BUNDLE_IDENTIFIER = alysongirao.MinhaVacinasTests;
				PRODUCT_NAME = "$(TARGET_NAME)";
				SWIFT_VERSION = 3.0;
				TEST_HOST = "$(BUILT_PRODUCTS_DIR)/MinhaVacinas.app/MinhaVacinas";
			};
			name = Release;
		};
		28ED6DBE1FBB60A2009F880A /* Debug */ = {
			isa = XCBuildConfiguration;
			buildSettings = {
				ALWAYS_EMBED_SWIFT_STANDARD_LIBRARIES = YES;
				INFOPLIST_FILE = MinhaVacinasUITests/Info.plist;
				LD_RUNPATH_SEARCH_PATHS = "$(inherited) @executable_path/Frameworks @loader_path/Frameworks";
				PRODUCT_BUNDLE_IDENTIFIER = alysongirao.MinhaVacinasUITests;
				PRODUCT_NAME = "$(TARGET_NAME)";
				SWIFT_VERSION = 3.0;
				TEST_TARGET_NAME = MinhaVacinas;
			};
			name = Debug;
		};
		28ED6DBF1FBB60A2009F880A /* Release */ = {
			isa = XCBuildConfiguration;
			buildSettings = {
				ALWAYS_EMBED_SWIFT_STANDARD_LIBRARIES = YES;
				INFOPLIST_FILE = MinhaVacinasUITests/Info.plist;
				LD_RUNPATH_SEARCH_PATHS = "$(inherited) @executable_path/Frameworks @loader_path/Frameworks";
				PRODUCT_BUNDLE_IDENTIFIER = alysongirao.MinhaVacinasUITests;
				PRODUCT_NAME = "$(TARGET_NAME)";
				SWIFT_VERSION = 3.0;
				TEST_TARGET_NAME = MinhaVacinas;
			};
			name = Release;
		};
/* End XCBuildConfiguration section */

/* Begin XCConfigurationList section */
		28ED6D8A1FBB60A1009F880A /* Build configuration list for PBXProject "MinhaVacinas" */ = {
			isa = XCConfigurationList;
			buildConfigurations = (
				28ED6DB51FBB60A2009F880A /* Debug */,
				28ED6DB61FBB60A2009F880A /* Release */,
			);
			defaultConfigurationIsVisible = 0;
			defaultConfigurationName = Release;
		};
		28ED6DB71FBB60A2009F880A /* Build configuration list for PBXNativeTarget "MinhaVacinas" */ = {
			isa = XCConfigurationList;
			buildConfigurations = (
				28ED6DB81FBB60A2009F880A /* Debug */,
				28ED6DB91FBB60A2009F880A /* Release */,
			);
			defaultConfigurationIsVisible = 0;
			defaultConfigurationName = Release;
		};
		28ED6DBA1FBB60A2009F880A /* Build configuration list for PBXNativeTarget "MinhaVacinasTests" */ = {
			isa = XCConfigurationList;
			buildConfigurations = (
				28ED6DBB1FBB60A2009F880A /* Debug */,
				28ED6DBC1FBB60A2009F880A /* Release */,
			);
			defaultConfigurationIsVisible = 0;
			defaultConfigurationName = Release;
		};
		28ED6DBD1FBB60A2009F880A /* Build configuration list for PBXNativeTarget "MinhaVacinasUITests" */ = {
			isa = XCConfigurationList;
			buildConfigurations = (
				28ED6DBE1FBB60A2009F880A /* Debug */,
				28ED6DBF1FBB60A2009F880A /* Release */,
			);
			defaultConfigurationIsVisible = 0;
			defaultConfigurationName = Release;
		};
/* End XCConfigurationList section */
	};
	rootObject = 28ED6D871FBB60A1009F880A /* Project object */;
}
